// !$*UTF8*$!
{
	archiveVersion = 1;
	classes = {
	};
	objectVersion = 48;
	objects = {

/* Begin PBXBuildFile section */
		840C13AF207E0C1700715A95 /* AppDelegate.swift in Sources */ = {isa = PBXBuildFile; fileRef = 840C13AE207E0C1700715A95 /* AppDelegate.swift */; };
		840C13B1207E0C1700715A95 /* ViewController.swift in Sources */ = {isa = PBXBuildFile; fileRef = 840C13B0207E0C1700715A95 /* ViewController.swift */; };
		840C13B4207E0C1700715A95 /* Main.storyboard in Resources */ = {isa = PBXBuildFile; fileRef = 840C13B2207E0C1700715A95 /* Main.storyboard */; };
		840C13B6207E0C1700715A95 /* Assets.xcassets in Resources */ = {isa = PBXBuildFile; fileRef = 840C13B5207E0C1700715A95 /* Assets.xcassets */; };
		840C13B9207E0C1700715A95 /* LaunchScreen.storyboard in Resources */ = {isa = PBXBuildFile; fileRef = 840C13B7207E0C1700715A95 /* LaunchScreen.storyboard */; };
		840C13C4207E0C1800715A95 /* Music1Tests.swift in Sources */ = {isa = PBXBuildFile; fileRef = 840C13C3207E0C1800715A95 /* Music1Tests.swift */; };
		840C13CF207E0C1800715A95 /* Music1UITests.swift in Sources */ = {isa = PBXBuildFile; fileRef = 840C13CE207E0C1800715A95 /* Music1UITests.swift */; };
		840C1432207FCE5A00715A95 /* aki.png in Resources */ = {isa = PBXBuildFile; fileRef = 840C142C207FCE5A00715A95 /* aki.png */; };
		840C1433207FCE5A00715A95 /* natsu.mp3 in Resources */ = {isa = PBXBuildFile; fileRef = 840C142D207FCE5A00715A95 /* natsu.mp3 */; };
		840C1434207FCE5A00715A95 /* ame.mp3 in Resources */ = {isa = PBXBuildFile; fileRef = 840C142E207FCE5A00715A95 /* ame.mp3 */; };
		840C1435207FCE5A00715A95 /* natsu.png in Resources */ = {isa = PBXBuildFile; fileRef = 840C142F207FCE5A00715A95 /* natsu.png */; };
		840C1436207FCE5A00715A95 /* ame.png in Resources */ = {isa = PBXBuildFile; fileRef = 840C1430207FCE5A00715A95 /* ame.png */; };
		840C1437207FCE5A00715A95 /* aki.mp3 in Resources */ = {isa = PBXBuildFile; fileRef = 840C1431207FCE5A00715A95 /* aki.mp3 */; };
/* End PBXBuildFile section */

/* Begin PBXContainerItemProxy section */
		840C13C0207E0C1800715A95 /* PBXContainerItemProxy */ = {
			isa = PBXContainerItemProxy;
			containerPortal = 840C13A3207E0C1700715A95 /* Project object */;
			proxyType = 1;
			remoteGlobalIDString = 840C13AA207E0C1700715A95;
			remoteInfo = Music1;
		};
		840C13CB207E0C1800715A95 /* PBXContainerItemProxy */ = {
			isa = PBXContainerItemProxy;
			containerPortal = 840C13A3207E0C1700715A95 /* Project object */;
			proxyType = 1;
			remoteGlobalIDString = 840C13AA207E0C1700715A95;
			remoteInfo = Music1;
		};
/* End PBXContainerItemProxy section */

/* Begin PBXFileReference section */
		840C13AB207E0C1700715A95 /* Music1.app */ = {isa = PBXFileReference; explicitFileType = wrapper.application; includeInIndex = 0; path = Music1.app; sourceTree = BUILT_PRODUCTS_DIR; };
		840C13AE207E0C1700715A95 /* AppDelegate.swift */ = {isa = PBXFileReference; lastKnownFileType = sourcecode.swift; path = AppDelegate.swift; sourceTree = "<group>"; };
		840C13B0207E0C1700715A95 /* ViewController.swift */ = {isa = PBXFileReference; lastKnownFileType = sourcecode.swift; path = ViewController.swift; sourceTree = "<group>"; };
		840C13B3207E0C1700715A95 /* Base */ = {isa = PBXFileReference; lastKnownFileType = file.storyboard; name = Base; path = Base.lproj/Main.storyboard; sourceTree = "<group>"; };
		840C13B5207E0C1700715A95 /* Assets.xcassets */ = {isa = PBXFileReference; lastKnownFileType = folder.assetcatalog; path = Assets.xcassets; sourceTree = "<group>"; };
		840C13B8207E0C1700715A95 /* Base */ = {isa = PBXFileReference; lastKnownFileType = file.storyboard; name = Base; path = Base.lproj/LaunchScreen.storyboard; sourceTree = "<group>"; };
		840C13BA207E0C1700715A95 /* Info.plist */ = {isa = PBXFileReference; lastKnownFileType = text.plist.xml; path = Info.plist; sourceTree = "<group>"; };
		840C13BF207E0C1800715A95 /* Music1Tests.xctest */ = {isa = PBXFileReference; explicitFileType = wrapper.cfbundle; includeInIndex = 0; path = Music1Tests.xctest; sourceTree = BUILT_PRODUCTS_DIR; };
		840C13C3207E0C1800715A95 /* Music1Tests.swift */ = {isa = PBXFileReference; lastKnownFileType = sourcecode.swift; path = Music1Tests.swift; sourceTree = "<group>"; };
		840C13C5207E0C1800715A95 /* Info.plist */ = {isa = PBXFileReference; lastKnownFileType = text.plist.xml; path = Info.plist; sourceTree = "<group>"; };
		840C13CA207E0C1800715A95 /* Music1UITests.xctest */ = {isa = PBXFileReference; explicitFileType = wrapper.cfbundle; includeInIndex = 0; path = Music1UITests.xctest; sourceTree = BUILT_PRODUCTS_DIR; };
		840C13CE207E0C1800715A95 /* Music1UITests.swift */ = {isa = PBXFileReference; lastKnownFileType = sourcecode.swift; path = Music1UITests.swift; sourceTree = "<group>"; };
		840C13D0207E0C1800715A95 /* Info.plist */ = {isa = PBXFileReference; lastKnownFileType = text.plist.xml; path = Info.plist; sourceTree = "<group>"; };
		840C142C207FCE5A00715A95 /* aki.png */ = {isa = PBXFileReference; lastKnownFileType = image.png; path = aki.png; sourceTree = "<group>"; };
		840C142D207FCE5A00715A95 /* natsu.mp3 */ = {isa = PBXFileReference; lastKnownFileType = audio.mp3; path = natsu.mp3; sourceTree = "<group>"; };
		840C142E207FCE5A00715A95 /* ame.mp3 */ = {isa = PBXFileReference; lastKnownFileType = audio.mp3; path = ame.mp3; sourceTree = "<group>"; };
		840C142F207FCE5A00715A95 /* natsu.png */ = {isa = PBXFileReference; lastKnownFileType = image.png; path = natsu.png; sourceTree = "<group>"; };
		840C1430207FCE5A00715A95 /* ame.png */ = {isa = PBXFileReference; lastKnownFileType = image.png; path = ame.png; sourceTree = "<group>"; };
		840C1431207FCE5A00715A95 /* aki.mp3 */ = {isa = PBXFileReference; lastKnownFileType = audio.mp3; path = aki.mp3; sourceTree = "<group>"; };
/* End PBXFileReference section */

/* Begin PBXFrameworksBuildPhase section */
		840C13A8207E0C1700715A95 /* Frameworks */ = {
			isa = PBXFrameworksBuildPhase;
			buildActionMask = 2147483647;
			files = (
			);
			runOnlyForDeploymentPostprocessing = 0;
		};
		840C13BC207E0C1800715A95 /* Frameworks */ = {
			isa = PBXFrameworksBuildPhase;
			buildActionMask = 2147483647;
			files = (
			);
			runOnlyForDeploymentPostprocessing = 0;
		};
		840C13C7207E0C1800715A95 /* Frameworks */ = {
			isa = PBXFrameworksBuildPhase;
			buildActionMask = 2147483647;
			files = (
			);
			runOnlyForDeploymentPostprocessing = 0;
		};
/* End PBXFrameworksBuildPhase section */

/* Begin PBXGroup section */
		840C13A2207E0C1700715A95 = {
			isa = PBXGroup;
			children = (
				840C13AD207E0C1700715A95 /* Music1 */,
				840C13C2207E0C1800715A95 /* Music1Tests */,
				840C13CD207E0C1800715A95 /* Music1UITests */,
				840C13AC207E0C1700715A95 /* Products */,
			);
			sourceTree = "<group>";
		};
		840C13AC207E0C1700715A95 /* Products */ = {
			isa = PBXGroup;
			children = (
				840C13AB207E0C1700715A95 /* Music1.app */,
				840C13BF207E0C1800715A95 /* Music1Tests.xctest */,
				840C13CA207E0C1800715A95 /* Music1UITests.xctest */,
			);
			name = Products;
			sourceTree = "<group>";
		};
		840C13AD207E0C1700715A95 /* Music1 */ = {
			isa = PBXGroup;
			children = (
				840C142B207FCE5A00715A95 /* Music素材 */,
				840C13AE207E0C1700715A95 /* AppDelegate.swift */,
				840C13B0207E0C1700715A95 /* ViewController.swift */,
				840C13B2207E0C1700715A95 /* Main.storyboard */,
				840C13B5207E0C1700715A95 /* Assets.xcassets */,
				840C13B7207E0C1700715A95 /* LaunchScreen.storyboard */,
				840C13BA207E0C1700715A95 /* Info.plist */,
			);
			path = Music1;
			sourceTree = "<group>";
		};
		840C13C2207E0C1800715A95 /* Music1Tests */ = {
			isa = PBXGroup;
			children = (
				840C13C3207E0C1800715A95 /* Music1Tests.swift */,
				840C13C5207E0C1800715A95 /* Info.plist */,
			);
			path = Music1Tests;
			sourceTree = "<group>";
		};
		840C13CD207E0C1800715A95 /* Music1UITests */ = {
			isa = PBXGroup;
			children = (
				840C13CE207E0C1800715A95 /* Music1UITests.swift */,
				840C13D0207E0C1800715A95 /* Info.plist */,
			);
			path = Music1UITests;
			sourceTree = "<group>";
		};
		840C142B207FCE5A00715A95 /* Music素材 */ = {
			isa = PBXGroup;
			children = (
				840C142C207FCE5A00715A95 /* aki.png */,
				840C142D207FCE5A00715A95 /* natsu.mp3 */,
				840C142E207FCE5A00715A95 /* ame.mp3 */,
				840C142F207FCE5A00715A95 /* natsu.png */,
				840C1430207FCE5A00715A95 /* ame.png */,
				840C1431207FCE5A00715A95 /* aki.mp3 */,
			);
			path = "Music素材";
			sourceTree = "<group>";
		};
/* End PBXGroup section */

/* Begin PBXNativeTarget section */
		840C13AA207E0C1700715A95 /* Music1 */ = {
			isa = PBXNativeTarget;
			buildConfigurationList = 840C13D3207E0C1800715A95 /* Build configuration list for PBXNativeTarget "Music1" */;
			buildPhases = (
				840C13A7207E0C1700715A95 /* Sources */,
				840C13A8207E0C1700715A95 /* Frameworks */,
				840C13A9207E0C1700715A95 /* Resources */,
			);
			buildRules = (
			);
			dependencies = (
			);
			name = Music1;
			productName = Music1;
			productReference = 840C13AB207E0C1700715A95 /* Music1.app */;
			productType = "com.apple.product-type.application";
		};
		840C13BE207E0C1800715A95 /* Music1Tests */ = {
			isa = PBXNativeTarget;
			buildConfigurationList = 840C13D6207E0C1800715A95 /* Build configuration list for PBXNativeTarget "Music1Tests" */;
			buildPhases = (
				840C13BB207E0C1800715A95 /* Sources */,
				840C13BC207E0C1800715A95 /* Frameworks */,
				840C13BD207E0C1800715A95 /* Resources */,
			);
			buildRules = (
			);
			dependencies = (
				840C13C1207E0C1800715A95 /* PBXTargetDependency */,
			);
			name = Music1Tests;
			productName = Music1Tests;
			productReference = 840C13BF207E0C1800715A95 /* Music1Tests.xctest */;
			productType = "com.apple.product-type.bundle.unit-test";
		};
		840C13C9207E0C1800715A95 /* Music1UITests */ = {
			isa = PBXNativeTarget;
			buildConfigurationList = 840C13D9207E0C1800715A95 /* Build configuration list for PBXNativeTarget "Music1UITests" */;
			buildPhases = (
				840C13C6207E0C1800715A95 /* Sources */,
				840C13C7207E0C1800715A95 /* Frameworks */,
				840C13C8207E0C1800715A95 /* Resources */,
			);
			buildRules = (
			);
			dependencies = (
				840C13CC207E0C1800715A95 /* PBXTargetDependency */,
			);
			name = Music1UITests;
			productName = Music1UITests;
			productReference = 840C13CA207E0C1800715A95 /* Music1UITests.xctest */;
			productType = "com.apple.product-type.bundle.ui-testing";
		};
/* End PBXNativeTarget section */

/* Begin PBXProject section */
		840C13A3207E0C1700715A95 /* Project object */ = {
			isa = PBXProject;
			attributes = {
				LastSwiftUpdateCheck = 0920;
				LastUpgradeCheck = 0920;
				ORGANIZATIONNAME = "Rimika Inoguchi";
				TargetAttributes = {
					840C13AA207E0C1700715A95 = {
						CreatedOnToolsVersion = 9.2;
						ProvisioningStyle = Automatic;
					};
					840C13BE207E0C1800715A95 = {
						CreatedOnToolsVersion = 9.2;
						ProvisioningStyle = Automatic;
						TestTargetID = 840C13AA207E0C1700715A95;
					};
					840C13C9207E0C1800715A95 = {
						CreatedOnToolsVersion = 9.2;
						ProvisioningStyle = Automatic;
						TestTargetID = 840C13AA207E0C1700715A95;
					};
				};
			};
			buildConfigurationList = 840C13A6207E0C1700715A95 /* Build configuration list for PBXProject "Music1" */;
			compatibilityVersion = "Xcode 8.0";
			developmentRegion = en;
			hasScannedForEncodings = 0;
			knownRegions = (
				en,
				Base,
			);
			mainGroup = 840C13A2207E0C1700715A95;
			productRefGroup = 840C13AC207E0C1700715A95 /* Products */;
			projectDirPath = "";
			projectRoot = "";
			targets = (
				840C13AA207E0C1700715A95 /* Music1 */,
				840C13BE207E0C1800715A95 /* Music1Tests */,
				840C13C9207E0C1800715A95 /* Music1UITests */,
			);
		};
/* End PBXProject section */

/* Begin PBXResourcesBuildPhase section */
		840C13A9207E0C1700715A95 /* Resources */ = {
			isa = PBXResourcesBuildPhase;
			buildActionMask = 2147483647;
			files = (
				840C1434207FCE5A00715A95 /* ame.mp3 in Resources */,
				840C13B9207E0C1700715A95 /* LaunchScreen.storyboard in Resources */,
				840C1433207FCE5A00715A95 /* natsu.mp3 in Resources */,
				840C1437207FCE5A00715A95 /* aki.mp3 in Resources */,
				840C13B6207E0C1700715A95 /* Assets.xcassets in Resources */,
				840C13B4207E0C1700715A95 /* Main.storyboard in Resources */,
				840C1436207FCE5A00715A95 /* ame.png in Resources */,
				840C1435207FCE5A00715A95 /* natsu.png in Resources */,
				840C1432207FCE5A00715A95 /* aki.png in Resources */,
			);
			runOnlyForDeploymentPostprocessing = 0;
		};
		840C13BD207E0C1800715A95 /* Resources */ = {
			isa = PBXResourcesBuildPhase;
			buildActionMask = 2147483647;
			files = (
			);
			runOnlyForDeploymentPostprocessing = 0;
		};
		840C13C8207E0C1800715A95 /* Resources */ = {
			isa = PBXResourcesBuildPhase;
			buildActionMask = 2147483647;
			files = (
			);
			runOnlyForDeploymentPostprocessing = 0;
		};
/* End PBXResourcesBuildPhase section */

/* Begin PBXSourcesBuildPhase section */
		840C13A7207E0C1700715A95 /* Sources */ = {
			isa = PBXSourcesBuildPhase;
			buildActionMask = 2147483647;
			files = (
				840C13B1207E0C1700715A95 /* ViewController.swift in Sources */,
				840C13AF207E0C1700715A95 /* AppDelegate.swift in Sources */,
			);
			runOnlyForDeploymentPostprocessing = 0;
		};
		840C13BB207E0C1800715A95 /* Sources */ = {
			isa = PBXSourcesBuildPhase;
			buildActionMask = 2147483647;
			files = (
				840C13C4207E0C1800715A95 /* Music1Tests.swift in Sources */,
			);
			runOnlyForDeploymentPostprocessing = 0;
		};
		840C13C6207E0C1800715A95 /* Sources */ = {
			isa = PBXSourcesBuildPhase;
			buildActionMask = 2147483647;
			files = (
				840C13CF207E0C1800715A95 /* Music1UITests.swift in Sources */,
			);
			runOnlyForDeploymentPostprocessing = 0;
		};
/* End PBXSourcesBuildPhase section */

/* Begin PBXTargetDependency section */
		840C13C1207E0C1800715A95 /* PBXTargetDependency */ = {
			isa = PBXTargetDependency;
			target = 840C13AA207E0C1700715A95 /* Music1 */;
			targetProxy = 840C13C0207E0C1800715A95 /* PBXContainerItemProxy */;
		};
		840C13CC207E0C1800715A95 /* PBXTargetDependency */ = {
			isa = PBXTargetDependency;
			target = 840C13AA207E0C1700715A95 /* Music1 */;
			targetProxy = 840C13CB207E0C1800715A95 /* PBXContainerItemProxy */;
		};
/* End PBXTargetDependency section */

/* Begin PBXVariantGroup section */
		840C13B2207E0C1700715A95 /* Main.storyboard */ = {
			isa = PBXVariantGroup;
			children = (
				840C13B3207E0C1700715A95 /* Base */,
			);
			name = Main.storyboard;
			sourceTree = "<group>";
		};
		840C13B7207E0C1700715A95 /* LaunchScreen.storyboard */ = {
			isa = PBXVariantGroup;
			children = (
				840C13B8207E0C1700715A95 /* Base */,
			);
			name = LaunchScreen.storyboard;
			sourceTree = "<group>";
		};
/* End PBXVariantGroup section */

/* Begin XCBuildConfiguration section */
		840C13D1207E0C1800715A95 /* Debug */ = {
			isa = XCBuildConfiguration;
			buildSettings = {
				ALWAYS_SEARCH_USER_PATHS = NO;
				CLANG_ANALYZER_NONNULL = YES;
				CLANG_ANALYZER_NUMBER_OBJECT_CONVERSION = YES_AGGRESSIVE;
				CLANG_CXX_LANGUAGE_STANDARD = "gnu++14";
				CLANG_CXX_LIBRARY = "libc++";
				CLANG_ENABLE_MODULES = YES;
				CLANG_ENABLE_OBJC_ARC = YES;
				CLANG_WARN_BLOCK_CAPTURE_AUTORELEASING = YES;
				CLANG_WARN_BOOL_CONVERSION = YES;
				CLANG_WARN_COMMA = YES;
				CLANG_WARN_CONSTANT_CONVERSION = YES;
				CLANG_WARN_DIRECT_OBJC_ISA_USAGE = YES_ERROR;
				CLANG_WARN_DOCUMENTATION_COMMENTS = YES;
				CLANG_WARN_EMPTY_BODY = YES;
				CLANG_WARN_ENUM_CONVERSION = YES;
				CLANG_WARN_INFINITE_RECURSION = YES;
				CLANG_WARN_INT_CONVERSION = YES;
				CLANG_WARN_NON_LITERAL_NULL_CONVERSION = YES;
				CLANG_WARN_OBJC_LITERAL_CONVERSION = YES;
				CLANG_WARN_OBJC_ROOT_CLASS = YES_ERROR;
				CLANG_WARN_RANGE_LOOP_ANALYSIS = YES;
				CLANG_WARN_STRICT_PROTOTYPES = YES;
				CLANG_WARN_SUSPICIOUS_MOVE = YES;
				CLANG_WARN_UNGUARDED_AVAILABILITY = YES_AGGRESSIVE;
				CLANG_WARN_UNREACHABLE_CODE = YES;
				CLANG_WARN__DUPLICATE_METHOD_MATCH = YES;
				CODE_SIGN_IDENTITY = "iPhone Developer";
				COPY_PHASE_STRIP = NO;
				DEBUG_INFORMATION_FORMAT = dwarf;
				ENABLE_STRICT_OBJC_MSGSEND = YES;
				ENABLE_TESTABILITY = YES;
				GCC_C_LANGUAGE_STANDARD = gnu11;
				GCC_DYNAMIC_NO_PIC = NO;
				GCC_NO_COMMON_BLOCKS = YES;
				GCC_OPTIMIZATION_LEVEL = 0;
				GCC_PREPROCESSOR_DEFINITIONS = (
					"DEBUG=1",
					"$(inherited)",
				);
				GCC_WARN_64_TO_32_BIT_CONVERSION = YES;
				GCC_WARN_ABOUT_RETURN_TYPE = YES_ERROR;
				GCC_WARN_UNDECLARED_SELECTOR = YES;
				GCC_WARN_UNINITIALIZED_AUTOS = YES_AGGRESSIVE;
				GCC_WARN_UNUSED_FUNCTION = YES;
				GCC_WARN_UNUSED_VARIABLE = YES;
				IPHONEOS_DEPLOYMENT_TARGET = 11.2;
				MTL_ENABLE_DEBUG_INFO = YES;
				ONLY_ACTIVE_ARCH = YES;
				SDKROOT = iphoneos;
				SWIFT_ACTIVE_COMPILATION_CONDITIONS = DEBUG;
				SWIFT_OPTIMIZATION_LEVEL = "-Onone";
			};
			name = Debug;
		};
		840C13D2207E0C1800715A95 /* Release */ = {
			isa = XCBuildConfiguration;
			buildSettings = {
				ALWAYS_SEARCH_USER_PATHS = NO;
				CLANG_ANALYZER_NONNULL = YES;
				CLANG_ANALYZER_NUMBER_OBJECT_CONVERSION = YES_AGGRESSIVE;
				CLANG_CXX_LANGUAGE_STANDARD = "gnu++14";
				CLANG_CXX_LIBRARY = "libc++";
				CLANG_ENABLE_MODULES = YES;
				CLANG_ENABLE_OBJC_ARC = YES;
				CLANG_WARN_BLOCK_CAPTURE_AUTORELEASING = YES;
				CLANG_WARN_BOOL_CONVERSION = YES;
				CLANG_WARN_COMMA = YES;
				CLANG_WARN_CONSTANT_CONVERSION = YES;
				CLANG_WARN_DIRECT_OBJC_ISA_USAGE = YES_ERROR;
				CLANG_WARN_DOCUMENTATION_COMMENTS = YES;
				CLANG_WARN_EMPTY_BODY = YES;
				CLANG_WARN_ENUM_CONVERSION = YES;
				CLANG_WARN_INFINITE_RECURSION = YES;
				CLANG_WARN_INT_CONVERSION = YES;
				CLANG_WARN_NON_LITERAL_NULL_CONVERSION = YES;
				CLANG_WARN_OBJC_LITERAL_CONVERSION = YES;
				CLANG_WARN_OBJC_ROOT_CLASS = YES_ERROR;
				CLANG_WARN_RANGE_LOOP_ANALYSIS = YES;
				CLANG_WARN_STRICT_PROTOTYPES = YES;
				CLANG_WARN_SUSPICIOUS_MOVE = YES;
				CLANG_WARN_UNGUARDED_AVAILABILITY = YES_AGGRESSIVE;
				CLANG_WARN_UNREACHABLE_CODE = YES;
				CLANG_WARN__DUPLICATE_METHOD_MATCH = YES;
				CODE_SIGN_IDENTITY = "iPhone Developer";
				COPY_PHASE_STRIP = NO;
				DEBUG_INFORMATION_FORMAT = "dwarf-with-dsym";
				ENABLE_NS_ASSERTIONS = NO;
				ENABLE_STRICT_OBJC_MSGSEND = YES;
				GCC_C_LANGUAGE_STANDARD = gnu11;
				GCC_NO_COMMON_BLOCKS = YES;
				GCC_WARN_64_TO_32_BIT_CONVERSION = YES;
				GCC_WARN_ABOUT_RETURN_TYPE = YES_ERROR;
				GCC_WARN_UNDECLARED_SELECTOR = YES;
				GCC_WARN_UNINITIALIZED_AUTOS = YES_AGGRESSIVE;
				GCC_WARN_UNUSED_FUNCTION = YES;
				GCC_WARN_UNUSED_VARIABLE = YES;
				IPHONEOS_DEPLOYMENT_TARGET = 11.2;
				MTL_ENABLE_DEBUG_INFO = NO;
				SDKROOT = iphoneos;
				SWIFT_OPTIMIZATION_LEVEL = "-Owholemodule";
				VALIDATE_PRODUCT = YES;
			};
			name = Release;
		};
		840C13D4207E0C1800715A95 /* Debug */ = {
			isa = XCBuildConfiguration;
			buildSettings = {
				ASSETCATALOG_COMPILER_APPICON_NAME = AppIcon;
				CODE_SIGN_STYLE = Automatic;
				INFOPLIST_FILE = Music1/Info.plist;
				LD_RUNPATH_SEARCH_PATHS = "$(inherited) @executable_path/Frameworks";
				PRODUCT_BUNDLE_IDENTIFIER = com.littech.Music1;
				PRODUCT_NAME = "$(TARGET_NAME)";
				SWIFT_VERSION = 4.0;
				TARGETED_DEVICE_FAMILY = "1,2";
			};
			name = Debug;
		};
		840C13D5207E0C1800715A95 /* Release */ = {
			isa = XCBuildConfiguration;
			buildSettings = {
				ASSETCATALOG_COMPILER_APPICON_NAME = AppIcon;
				CODE_SIGN_STYLE = Automatic;
				INFOPLIST_FILE = Music1/Info.plist;
				LD_RUNPATH_SEARCH_PATHS = "$(inherited) @executable_path/Frameworks";
				PRODUCT_BUNDLE_IDENTIFIER = com.littech.Music1;
				PRODUCT_NAME = "$(TARGET_NAME)";
				SWIFT_VERSION = 4.0;
				TARGETED_DEVICE_FAMILY = "1,2";
			};
			name = Release;
		};
		840C13D7207E0C1800715A95 /* Debug */ = {
			isa = XCBuildConfiguration;
			buildSettings = {
				ALWAYS_EMBED_SWIFT_STANDARD_LIBRARIES = YES;
				BUNDLE_LOADER = "$(TEST_HOST)";
				CODE_SIGN_STYLE = Automatic;
				INFOPLIST_FILE = Music1Tests/Info.plist;
				LD_RUNPATH_SEARCH_PATHS = "$(inherited) @executable_path/Frameworks @loader_path/Frameworks";
				PRODUCT_BUNDLE_IDENTIFIER = com.littech.Music1Tests;
				PRODUCT_NAME = "$(TARGET_NAME)";
				SWIFT_VERSION = 4.0;
				TARGETED_DEVICE_FAMILY = "1,2";
				TEST_HOST = "$(BUILT_PRODUCTS_DIR)/Music1.app/Music1";
			};
			name = Debug;
		};
		840C13D8207E0C1800715A95 /* Release */ = {
			isa = XCBuildConfiguration;
			buildSettings = {
				ALWAYS_EMBED_SWIFT_STANDARD_LIBRARIES = YES;
				BUNDLE_LOADER = "$(TEST_HOST)";
				CODE_SIGN_STYLE = Automatic;
				INFOPLIST_FILE = Music1Tests/Info.plist;
				LD_RUNPATH_SEARCH_PATHS = "$(inherited) @executable_path/Frameworks @loader_path/Frameworks";
				PRODUCT_BUNDLE_IDENTIFIER = com.littech.Music1Tests;
				PRODUCT_NAME = "$(TARGET_NAME)";
				SWIFT_VERSION = 4.0;
				TARGETED_DEVICE_FAMILY = "1,2";
				TEST_HOST = "$(BUILT_PRODUCTS_DIR)/Music1.app/Music1";
			};
			name = Release;
		};
		840C13DA207E0C1800715A95 /* Debug */ = {
			isa = XCBuildConfiguration;
			buildSettings = {
				ALWAYS_EMBED_SWIFT_STANDARD_LIBRARIES = YES;
				CODE_SIGN_STYLE = Automatic;
				INFOPLIST_FILE = Music1UITests/Info.plist;
				LD_RUNPATH_SEARCH_PATHS = "$(inherited) @executable_path/Frameworks @loader_path/Frameworks";
				PRODUCT_BUNDLE_IDENTIFIER = com.littech.Music1UITests;
				PRODUCT_NAME = "$(TARGET_NAME)";
				SWIFT_VERSION = 4.0;
				TARGETED_DEVICE_FAMILY = "1,2";
				TEST_TARGET_NAME = Music1;
			};
			name = Debug;
		};
		840C13DB207E0C1800715A95 /* Release */ = {
			isa = XCBuildConfiguration;
			buildSettings = {
				ALWAYS_EMBED_SWIFT_STANDARD_LIBRARIES = YES;
				CODE_SIGN_STYLE = Automatic;
				INFOPLIST_FILE = Music1UITests/Info.plist;
				LD_RUNPATH_SEARCH_PATHS = "$(inherited) @executable_path/Frameworks @loader_path/Frameworks";
				PRODUCT_BUNDLE_IDENTIFIER = com.littech.Music1UITests;
				PRODUCT_NAME = "$(TARGET_NAME)";
				SWIFT_VERSION = 4.0;
				TARGETED_DEVICE_FAMILY = "1,2";
				TEST_TARGET_NAME = Music1;
			};
			name = Release;
		};
/* End XCBuildConfiguration section */

/* Begin XCConfigurationList section */
		840C13A6207E0C1700715A95 /* Build configuration list for PBXProject "Music1" */ = {
			isa = XCConfigurationList;
			buildConfigurations = (
				840C13D1207E0C1800715A95 /* Debug */,
				840C13D2207E0C1800715A95 /* Release */,
			);
			defaultConfigurationIsVisible = 0;
			defaultConfigurationName = Release;
		};
		840C13D3207E0C1800715A95 /* Build configuration list for PBXNativeTarget "Music1" */ = {
			isa = XCConfigurationList;
			buildConfigurations = (
				840C13D4207E0C1800715A95 /* Debug */,
				840C13D5207E0C1800715A95 /* Release */,
			);
			defaultConfigurationIsVisible = 0;
			defaultConfigurationName = Release;
		};
		840C13D6207E0C1800715A95 /* Build configuration list for PBXNativeTarget "Music1Tests" */ = {
			isa = XCConfigurationList;
			buildConfigurations = (
				840C13D7207E0C1800715A95 /* Debug */,
				840C13D8207E0C1800715A95 /* Release */,
			);
			defaultConfigurationIsVisible = 0;
			defaultConfigurationName = Release;
		};
		840C13D9207E0C1800715A95 /* Build configuration list for PBXNativeTarget "Music1UITests" */ = {
			isa = XCConfigurationList;
			buildConfigurations = (
				840C13DA207E0C1800715A95 /* Debug */,
				840C13DB207E0C1800715A95 /* Release */,
			);
			defaultConfigurationIsVisible = 0;
			defaultConfigurationName = Release;
		};
/* End XCConfigurationList section */
	};
	rootObject = 840C13A3207E0C1700715A95 /* Project object */;
}
